
Microsoft Visual Studio Solution File, Format Version 12.00
# Visual Studio Version 17
VisualStudioVersion = 17.7.34031.279
MinimumVisualStudioVersion = 10.0.40219.1
Project("{FAE04EC0-301F-11D3-BF4B-00C04F79EFBC}") = "Prob04_Laboratorio07", "Prob04_Laboratorio07.csproj", "{B171A799-5EE1-46F3-ACB4-42B3B5C26FAD}"
EndProject
Global
	GlobalSection(SolutionConfigurationPlatforms) = preSolution
		Debug|Any CPU = Debug|Any CPU
		Release|Any CPU = Release|Any CPU
	EndGlobalSection
	GlobalSection(ProjectConfigurationPlatforms) = postSolution
		{B171A799-5EE1-46F3-ACB4-42B3B5C26FAD}.Debug|Any CPU.ActiveCfg = Debug|Any CPU
		{B171A799-5EE1-46F3-ACB4-42B3B5C26FAD}.Debug|Any CPU.Build.0 = Debug|Any CPU
		{B171A799-5EE1-46F3-ACB4-42B3B5C26FAD}.Release|Any CPU.ActiveCfg = Release|Any CPU
		{B171A799-5EE1-46F3-ACB4-42B3B5C26FAD}.Release|Any CPU.Build.0 = Release|Any CPU
	EndGlobalSection
	GlobalSection(SolutionProperties) = preSolution
		HideSolutionNode = FALSE
	EndGlobalSection
	GlobalSection(ExtensibilityGlobals) = postSolution
		SolutionGuid = {450AA054-BB81-45EE-B552-167096C5BF01}
	EndGlobalSection
EndGlobal
